
Microsoft Visual Studio Solution File, Format Version 12.00
# Visual Studio Version 17
VisualStudioVersion = 17.5.33627.172
MinimumVisualStudioVersion = 10.0.40219.1
Project("{FAE04EC0-301F-11D3-BF4B-00C04F79EFBC}") = "Entities", "Entities\Entities.csproj", "{479DD7F4-9024-42AE-9EE5-E62489AC9532}"
EndProject
Project("{FAE04EC0-301F-11D3-BF4B-00C04F79EFBC}") = "Core", "Core\Core.csproj", "{159BB8F5-BC39-4605-B1EE-C3F744106D20}"
EndProject
Project("{FAE04EC0-301F-11D3-BF4B-00C04F79EFBC}") = "Business", "Business\Business.csproj", "{007632CC-A8D0-4202-A63A-07BA8A189E18}"
EndProject
Project("{FAE04EC0-301F-11D3-BF4B-00C04F79EFBC}") = "DataAccess", "DataAccess\DataAccess.csproj", "{AF938254-75B6-4EC5-A4AC-D84226D48949}"
EndProject
Project("{FAE04EC0-301F-11D3-BF4B-00C04F79EFBC}") = "WebApi", "WebApi\WebApi.csproj", "{3915D637-DC64-4CC7-92F3-3261965FDB08}"
EndProject
Global
	GlobalSection(SolutionConfigurationPlatforms) = preSolution
		Debug|Any CPU = Debug|Any CPU
		Release|Any CPU = Release|Any CPU
	EndGlobalSection
	GlobalSection(ProjectConfigurationPlatforms) = postSolution
		{479DD7F4-9024-42AE-9EE5-E62489AC9532}.Debug|Any CPU.ActiveCfg = Debug|Any CPU
		{479DD7F4-9024-42AE-9EE5-E62489AC9532}.Debug|Any CPU.Build.0 = Debug|Any CPU
		{479DD7F4-9024-42AE-9EE5-E62489AC9532}.Release|Any CPU.ActiveCfg = Release|Any CPU
		{479DD7F4-9024-42AE-9EE5-E62489AC9532}.Release|Any CPU.Build.0 = Release|Any CPU
		{159BB8F5-BC39-4605-B1EE-C3F744106D20}.Debug|Any CPU.ActiveCfg = Debug|Any CPU
		{159BB8F5-BC39-4605-B1EE-C3F744106D20}.Debug|Any CPU.Build.0 = Debug|Any CPU
		{159BB8F5-BC39-4605-B1EE-C3F744106D20}.Release|Any CPU.ActiveCfg = Release|Any CPU
		{159BB8F5-BC39-4605-B1EE-C3F744106D20}.Release|Any CPU.Build.0 = Release|Any CPU
		{007632CC-A8D0-4202-A63A-07BA8A189E18}.Debug|Any CPU.ActiveCfg = Debug|Any CPU
		{007632CC-A8D0-4202-A63A-07BA8A189E18}.Debug|Any CPU.Build.0 = Debug|Any CPU
		{007632CC-A8D0-4202-A63A-07BA8A189E18}.Release|Any CPU.ActiveCfg = Release|Any CPU
		{007632CC-A8D0-4202-A63A-07BA8A189E18}.Release|Any CPU.Build.0 = Release|Any CPU
		{AF938254-75B6-4EC5-A4AC-D84226D48949}.Debug|Any CPU.ActiveCfg = Debug|Any CPU
		{AF938254-75B6-4EC5-A4AC-D84226D48949}.Debug|Any CPU.Build.0 = Debug|Any CPU
		{AF938254-75B6-4EC5-A4AC-D84226D48949}.Release|Any CPU.ActiveCfg = Release|Any CPU
		{AF938254-75B6-4EC5-A4AC-D84226D48949}.Release|Any CPU.Build.0 = Release|Any CPU
		{3915D637-DC64-4CC7-92F3-3261965FDB08}.Debug|Any CPU.ActiveCfg = Debug|Any CPU
		{3915D637-DC64-4CC7-92F3-3261965FDB08}.Debug|Any CPU.Build.0 = Debug|Any CPU
		{3915D637-DC64-4CC7-92F3-3261965FDB08}.Release|Any CPU.ActiveCfg = Release|Any CPU
		{3915D637-DC64-4CC7-92F3-3261965FDB08}.Release|Any CPU.Build.0 = Release|Any CPU
	EndGlobalSection
	GlobalSection(SolutionProperties) = preSolution
		HideSolutionNode = FALSE
	EndGlobalSection
	GlobalSection(ExtensibilityGlobals) = postSolution
		SolutionGuid = {449E3937-81CC-41A5-BEA6-46C79F321AC3}
	EndGlobalSection
EndGlobal
